// !$*UTF8*$!
{
	archiveVersion = 1;
	classes = {
	};
	objectVersion = 50;
	objects = {

/* Begin PBXBuildFile section */
		BFF1C82024160D3C004A526F /* AppDelegate.swift in Sources */ = {isa = PBXBuildFile; fileRef = BFF1C81F24160D3C004A526F /* AppDelegate.swift */; };
		BFF1C82224160D3C004A526F /* SceneDelegate.swift in Sources */ = {isa = PBXBuildFile; fileRef = BFF1C82124160D3C004A526F /* SceneDelegate.swift */; };
		BFF1C82424160D3C004A526F /* ViewController.swift in Sources */ = {isa = PBXBuildFile; fileRef = BFF1C82324160D3C004A526F /* ViewController.swift */; };
		BFF1C82724160D3C004A526F /* Main.storyboard in Resources */ = {isa = PBXBuildFile; fileRef = BFF1C82524160D3C004A526F /* Main.storyboard */; };
		BFF1C82924160D3E004A526F /* Assets.xcassets in Resources */ = {isa = PBXBuildFile; fileRef = BFF1C82824160D3E004A526F /* Assets.xcassets */; };
		BFF1C82C24160D3E004A526F /* LaunchScreen.storyboard in Resources */ = {isa = PBXBuildFile; fileRef = BFF1C82A24160D3E004A526F /* LaunchScreen.storyboard */; };
/* End PBXBuildFile section */

/* Begin PBXFileReference section */
		BFF1C81C24160D3C004A526F /* Egen310r.app */ = {isa = PBXFileReference; explicitFileType = wrapper.application; includeInIndex = 0; path = Egen310r.app; sourceTree = BUILT_PRODUCTS_DIR; };
		BFF1C81F24160D3C004A526F /* AppDelegate.swift */ = {isa = PBXFileReference; lastKnownFileType = sourcecode.swift; path = AppDelegate.swift; sourceTree = "<group>"; };
		BFF1C82124160D3C004A526F /* SceneDelegate.swift */ = {isa = PBXFileReference; lastKnownFileType = sourcecode.swift; path = SceneDelegate.swift; sourceTree = "<group>"; };
		BFF1C82324160D3C004A526F /* ViewController.swift */ = {isa = PBXFileReference; lastKnownFileType = sourcecode.swift; path = ViewController.swift; sourceTree = "<group>"; };
		BFF1C82624160D3C004A526F /* Base */ = {isa = PBXFileReference; lastKnownFileType = file.storyboard; name = Base; path = Base.lproj/Main.storyboard; sourceTree = "<group>"; };
		BFF1C82824160D3E004A526F /* Assets.xcassets */ = {isa = PBXFileReference; lastKnownFileType = folder.assetcatalog; path = Assets.xcassets; sourceTree = "<group>"; };
		BFF1C82B24160D3E004A526F /* Base */ = {isa = PBXFileReference; lastKnownFileType = file.storyboard; name = Base; path = Base.lproj/LaunchScreen.storyboard; sourceTree = "<group>"; };
		BFF1C82D24160D3E004A526F /* Info.plist */ = {isa = PBXFileReference; lastKnownFileType = text.plist.xml; path = Info.plist; sourceTree = "<group>"; };
/* End PBXFileReference section */

/* Begin PBXFrameworksBuildPhase section */
		BFF1C81924160D3C004A526F /* Frameworks */ = {
			isa = PBXFrameworksBuildPhase;
			buildActionMask = 2147483647;
			files = (
			);
			runOnlyForDeploymentPostprocessing = 0;
		};
/* End PBXFrameworksBuildPhase section */

/* Begin PBXGroup section */
		BFF1C81324160D3C004A526F = {
			isa = PBXGroup;
			children = (
				BFF1C81E24160D3C004A526F /* Egen310r */,
				BFF1C81D24160D3C004A526F /* Products */,
			);
			sourceTree = "<group>";
		};
		BFF1C81D24160D3C004A526F /* Products */ = {
			isa = PBXGroup;
			children = (
				BFF1C81C24160D3C004A526F /* Egen310r.app */,
			);
			name = Products;
			sourceTree = "<group>";
		};
		BFF1C81E24160D3C004A526F /* Egen310r */ = {
			isa = PBXGroup;
			children = (
				BFF1C81F24160D3C004A526F /* AppDelegate.swift */,
				BFF1C82124160D3C004A526F /* SceneDelegate.swift */,
				BFF1C82324160D3C004A526F /* ViewController.swift */,
				BFF1C82524160D3C004A526F /* Main.storyboard */,
				BFF1C82824160D3E004A526F /* Assets.xcassets */,
				BFF1C82A24160D3E004A526F /* LaunchScreen.storyboard */,
				BFF1C82D24160D3E004A526F /* Info.plist */,
			);
			path = Egen310r;
			sourceTree = "<group>";
		};
/* End PBXGroup section */

/* Begin PBXNativeTarget section */
		BFF1C81B24160D3C004A526F /* Egen310r */ = {
			isa = PBXNativeTarget;
			buildConfigurationList = BFF1C83024160D3E004A526F /* Build configuration list for PBXNativeTarget "Egen310r" */;
			buildPhases = (
				BFF1C81824160D3C004A526F /* Sources */,
				BFF1C81924160D3C004A526F /* Frameworks */,
				BFF1C81A24160D3C004A526F /* Resources */,
			);
			buildRules = (
			);
			dependencies = (
			);
			name = Egen310r;
			productName = Egen310r;
			productReference = BFF1C81C24160D3C004A526F /* Egen310r.app */;
			productType = "com.apple.product-type.application";
		};
/* End PBXNativeTarget section */

/* Begin PBXProject section */
		BFF1C81424160D3C004A526F /* Project object */ = {
			isa = PBXProject;
			attributes = {
				LastSwiftUpdateCheck = 1130;
				LastUpgradeCheck = 1130;
				ORGANIZATIONNAME = "Jordan Kelly";
				TargetAttributes = {
					BFF1C81B24160D3C004A526F = {
						CreatedOnToolsVersion = 11.3.1;
					};
				};
			};
			buildConfigurationList = BFF1C81724160D3C004A526F /* Build configuration list for PBXProject "Egen310r" */;
			compatibilityVersion = "Xcode 9.3";
			developmentRegion = en;
			hasScannedForEncodings = 0;
			knownRegions = (
				en,
				Base,
			);
			mainGroup = BFF1C81324160D3C004A526F;
			productRefGroup = BFF1C81D24160D3C004A526F /* Products */;
			projectDirPath = "";
			projectRoot = "";
			targets = (
				BFF1C81B24160D3C004A526F /* Egen310r */,
			);
		};
/* End PBXProject section */

/* Begin PBXResourcesBuildPhase section */
		BFF1C81A24160D3C004A526F /* Resources */ = {
			isa = PBXResourcesBuildPhase;
			buildActionMask = 2147483647;
			files = (
				BFF1C82C24160D3E004A526F /* LaunchScreen.storyboard in Resources */,
				BFF1C82924160D3E004A526F /* Assets.xcassets in Resources */,
				BFF1C82724160D3C004A526F /* Main.storyboard in Resources */,
			);
			runOnlyForDeploymentPostprocessing = 0;
		};
/* End PBXResourcesBuildPhase section */

/* Begin PBXSourcesBuildPhase section */
		BFF1C81824160D3C004A526F /* Sources */ = {
			isa = PBXSourcesBuildPhase;
			buildActionMask = 2147483647;
			files = (
				BFF1C82424160D3C004A526F /* ViewController.swift in Sources */,
				BFF1C82024160D3C004A526F /* AppDelegate.swift in Sources */,
				BFF1C82224160D3C004A526F /* SceneDelegate.swift in Sources */,
			);
			runOnlyForDeploymentPostprocessing = 0;
		};
/* End PBXSourcesBuildPhase section */

/* Begin PBXVariantGroup section */
		BFF1C82524160D3C004A526F /* Main.storyboard */ = {
			isa = PBXVariantGroup;
			children = (
				BFF1C82624160D3C004A526F /* Base */,
			);
			name = Main.storyboard;
			sourceTree = "<group>";
		};
		BFF1C82A24160D3E004A526F /* LaunchScreen.storyboard */ = {
			isa = PBXVariantGroup;
			children = (
				BFF1C82B24160D3E004A526F /* Base */,
			);
			name = LaunchScreen.storyboard;
			sourceTree = "<group>";
		};
/* End PBXVariantGroup section */

/* Begin XCBuildConfiguration section */
		BFF1C82E24160D3E004A526F /* Debug */ = {
			isa = XCBuildConfiguration;
			buildSettings = {
				ALWAYS_SEARCH_USER_PATHS = NO;
				CLANG_ANALYZER_NONNULL = YES;
				CLANG_ANALYZER_NUMBER_OBJECT_CONVERSION = YES_AGGRESSIVE;
				CLANG_CXX_LANGUAGE_STANDARD = "gnu++14";
				CLANG_CXX_LIBRARY = "libc++";
				CLANG_ENABLE_MODULES = YES;
				CLANG_ENABLE_OBJC_ARC = YES;
				CLANG_ENABLE_OBJC_WEAK = YES;
				CLANG_WARN_BLOCK_CAPTURE_AUTORELEASING = YES;
				CLANG_WARN_BOOL_CONVERSION = YES;
				CLANG_WARN_COMMA = YES;
				CLANG_WARN_CONSTANT_CONVERSION = YES;
				CLANG_WARN_DEPRECATED_OBJC_IMPLEMENTATIONS = YES;
				CLANG_WARN_DIRECT_OBJC_ISA_USAGE = YES_ERROR;
				CLANG_WARN_DOCUMENTATION_COMMENTS = YES;
				CLANG_WARN_EMPTY_BODY = YES;
				CLANG_WARN_ENUM_CONVERSION = YES;
				CLANG_WARN_INFINITE_RECURSION = YES;
				CLANG_WARN_INT_CONVERSION = YES;
				CLANG_WARN_NON_LITERAL_NULL_CONVERSION = YES;
				CLANG_WARN_OBJC_IMPLICIT_RETAIN_SELF = YES;
				CLANG_WARN_OBJC_LITERAL_CONVERSION = YES;
				CLANG_WARN_OBJC_ROOT_CLASS = YES_ERROR;
				CLANG_WARN_RANGE_LOOP_ANALYSIS = YES;
				CLANG_WARN_STRICT_PROTOTYPES = YES;
				CLANG_WARN_SUSPICIOUS_MOVE = YES;
				CLANG_WARN_UNGUARDED_AVAILABILITY = YES_AGGRESSIVE;
				CLANG_WARN_UNREACHABLE_CODE = YES;
				CLANG_WARN__DUPLICATE_METHOD_MATCH = YES;
				COPY_PHASE_STRIP = NO;
				DEBUG_INFORMATION_FORMAT = dwarf;
				ENABLE_STRICT_OBJC_MSGSEND = YES;
				ENABLE_TESTABILITY = YES;
				GCC_C_LANGUAGE_STANDARD = gnu11;
				GCC_DYNAMIC_NO_PIC = NO;
				GCC_NO_COMMON_BLOCKS = YES;
				GCC_OPTIMIZATION_LEVEL = 0;
				GCC_PREPROCESSOR_DEFINITIONS = (
					"DEBUG=1",
					"$(inherited)",
				);
				GCC_WARN_64_TO_32_BIT_CONVERSION = YES;
				GCC_WARN_ABOUT_RETURN_TYPE = YES_ERROR;
				GCC_WARN_UNDECLARED_SELECTOR = YES;
				GCC_WARN_UNINITIALIZED_AUTOS = YES_AGGRESSIVE;
				GCC_WARN_UNUSED_FUNCTION = YES;
				GCC_WARN_UNUSED_VARIABLE = YES;
				IPHONEOS_DEPLOYMENT_TARGET = 13.2;
				MTL_ENABLE_DEBUG_INFO = INCLUDE_SOURCE;
				MTL_FAST_MATH = YES;
				ONLY_ACTIVE_ARCH = YES;
				SDKROOT = iphoneos;
				SWIFT_ACTIVE_COMPILATION_CONDITIONS = DEBUG;
				SWIFT_OPTIMIZATION_LEVEL = "-Onone";
			};
			name = Debug;
		};
		BFF1C82F24160D3E004A526F /* Release */ = {
			isa = XCBuildConfiguration;
			buildSettings = {
				ALWAYS_SEARCH_USER_PATHS = NO;
				CLANG_ANALYZER_NONNULL = YES;
				CLANG_ANALYZER_NUMBER_OBJECT_CONVERSION = YES_AGGRESSIVE;
				CLANG_CXX_LANGUAGE_STANDARD = "gnu++14";
				CLANG_CXX_LIBRARY = "libc++";
				CLANG_ENABLE_MODULES = YES;
				CLANG_ENABLE_OBJC_ARC = YES;
				CLANG_ENABLE_OBJC_WEAK = YES;
				CLANG_WARN_BLOCK_CAPTURE_AUTORELEASING = YES;
				CLANG_WARN_BOOL_CONVERSION = YES;
				CLANG_WARN_COMMA = YES;
				CLANG_WARN_CONSTANT_CONVERSION = YES;
				CLANG_WARN_DEPRECATED_OBJC_IMPLEMENTATIONS = YES;
				CLANG_WARN_DIRECT_OBJC_ISA_USAGE = YES_ERROR;
				CLANG_WARN_DOCUMENTATION_COMMENTS = YES;
				CLANG_WARN_EMPTY_BODY = YES;
				CLANG_WARN_ENUM_CONVERSION = YES;
				CLANG_WARN_INFINITE_RECURSION = YES;
				CLANG_WARN_INT_CONVERSION = YES;
				CLANG_WARN_NON_LITERAL_NULL_CONVERSION = YES;
				CLANG_WARN_OBJC_IMPLICIT_RETAIN_SELF = YES;
				CLANG_WARN_OBJC_LITERAL_CONVERSION = YES;
				CLANG_WARN_OBJC_ROOT_CLASS = YES_ERROR;
				CLANG_WARN_RANGE_LOOP_ANALYSIS = YES;
				CLANG_WARN_STRICT_PROTOTYPES = YES;
				CLANG_WARN_SUSPICIOUS_MOVE = YES;
				CLANG_WARN_UNGUARDED_AVAILABILITY = YES_AGGRESSIVE;
				CLANG_WARN_UNREACHABLE_CODE = YES;
				CLANG_WARN__DUPLICATE_METHOD_MATCH = YES;
				COPY_PHASE_STRIP = NO;
				DEBUG_INFORMATION_FORMAT = "dwarf-with-dsym";
				ENABLE_NS_ASSERTIONS = NO;
				ENABLE_STRICT_OBJC_MSGSEND = YES;
				GCC_C_LANGUAGE_STANDARD = gnu11;
				GCC_NO_COMMON_BLOCKS = YES;
				GCC_WARN_64_TO_32_BIT_CONVERSION = YES;
				GCC_WARN_ABOUT_RETURN_TYPE = YES_ERROR;
				GCC_WARN_UNDECLARED_SELECTOR = YES;
				GCC_WARN_UNINITIALIZED_AUTOS = YES_AGGRESSIVE;
				GCC_WARN_UNUSED_FUNCTION = YES;
				GCC_WARN_UNUSED_VARIABLE = YES;
				IPHONEOS_DEPLOYMENT_TARGET = 13.2;
				MTL_ENABLE_DEBUG_INFO = NO;
				MTL_FAST_MATH = YES;
				SDKROOT = iphoneos;
				SWIFT_COMPILATION_MODE = wholemodule;
				SWIFT_OPTIMIZATION_LEVEL = "-O";
				VALIDATE_PRODUCT = YES;
			};
			name = Release;
		};
		BFF1C83124160D3E004A526F /* Debug */ = {
			isa = XCBuildConfiguration;
			buildSettings = {
				ASSETCATALOG_COMPILER_APPICON_NAME = AppIcon;
				CODE_SIGN_STYLE = Automatic;
				DEVELOPMENT_TEAM = NGFY7SPPNF;
				INFOPLIST_FILE = Egen310r/Info.plist;
				LD_RUNPATH_SEARCH_PATHS = (
					"$(inherited)",
					"@executable_path/Frameworks",
				);
				PRODUCT_BUNDLE_IDENTIFIER = com.JordanKelly.Egen310r;
				PRODUCT_NAME = "$(TARGET_NAME)";
				SWIFT_VERSION = 5.0;
				TARGETED_DEVICE_FAMILY = "1,2";
			};
			name = Debug;
		};
		BFF1C83224160D3E004A526F /* Release */ = {
			isa = XCBuildConfiguration;
			buildSettings = {
				ASSETCATALOG_COMPILER_APPICON_NAME = AppIcon;
				CODE_SIGN_STYLE = Automatic;
				DEVELOPMENT_TEAM = NGFY7SPPNF;
				INFOPLIST_FILE = Egen310r/Info.plist;
				LD_RUNPATH_SEARCH_PATHS = (
					"$(inherited)",
					"@executable_path/Frameworks",
				);
				PRODUCT_BUNDLE_IDENTIFIER = com.JordanKelly.Egen310r;
				PRODUCT_NAME = "$(TARGET_NAME)";
				SWIFT_VERSION = 5.0;
				TARGETED_DEVICE_FAMILY = "1,2";
			};
			name = Release;
		};
/* End XCBuildConfiguration section */

/* Begin XCConfigurationList section */
		BFF1C81724160D3C004A526F /* Build configuration list for PBXProject "Egen310r" */ = {
			isa = XCConfigurationList;
			buildConfigurations = (
				BFF1C82E24160D3E004A526F /* Debug */,
				BFF1C82F24160D3E004A526F /* Release */,
			);
			defaultConfigurationIsVisible = 0;
			defaultConfigurationName = Release;
		};
		BFF1C83024160D3E004A526F /* Build configuration list for PBXNativeTarget "Egen310r" */ = {
			isa = XCConfigurationList;
			buildConfigurations = (
				BFF1C83124160D3E004A526F /* Debug */,
				BFF1C83224160D3E004A526F /* Release */,
			);
			defaultConfigurationIsVisible = 0;
			defaultConfigurationName = Release;
		};
/* End XCConfigurationList section */
	};
	rootObject = BFF1C81424160D3C004A526F /* Project object */;
}
